
Microsoft Visual Studio Solution File, Format Version 12.00
# Visual Studio 2012
Project("{FAE04EC0-301F-11D3-BF4B-00C04F79EFBC}") = "GalleonApplication", "GalleonApplication\GalleonApplication.csproj", "{B0EB3F3B-401E-43CB-8B20-6574E088E2E7}"
EndProject
Project("{FAE04EC0-301F-11D3-BF4B-00C04F79EFBC}") = "GalleonEntity", "GallonEntity\GalleonEntity.csproj", "{879BDFE3-0DCC-4399-9290-5779A206D0DF}"
EndProject
Project("{FAE04EC0-301F-11D3-BF4B-00C04F79EFBC}") = "GalleonEndpoint", "GallonEndpoint\GalleonEndpoint.csproj", "{A23778C2-717E-4309-B5BC-45F43DE1623D}"
EndProject
Project("{FAE04EC0-301F-11D3-BF4B-00C04F79EFBC}") = "Leptonica", "..\..\Leptonica_Workplace\LeptonicaWorkplace\Leptonica\Leptonica.csproj", "{9DDBAEB3-3BE9-4363-B789-94592A8E8506}"
EndProject
Project("{FAE04EC0-301F-11D3-BF4B-00C04F79EFBC}") = "MuPDFLibrary", "..\..\PDFLib_Workspace\MuPDFLibrary\MuPDFLibrary.csproj", "{371BE036-457F-4E24-8112-B2FAB29D768A}"
EndProject
Global
	GlobalSection(SolutionConfigurationPlatforms) = preSolution
		Debug|Any CPU = Debug|Any CPU
		Debug20|Any CPU = Debug20|Any CPU
		Debug35|Any CPU = Debug35|Any CPU
		Debug40|Any CPU = Debug40|Any CPU
		Debug40Client|Any CPU = Debug40Client|Any CPU
		Debug45|Any CPU = Debug45|Any CPU
		Debug451|Any CPU = Debug451|Any CPU
		Release|Any CPU = Release|Any CPU
		Release20|Any CPU = Release20|Any CPU
		Release35|Any CPU = Release35|Any CPU
		Release40|Any CPU = Release40|Any CPU
		Release40Client|Any CPU = Release40Client|Any CPU
		Release45|Any CPU = Release45|Any CPU
		Release451|Any CPU = Release451|Any CPU
	EndGlobalSection
	GlobalSection(ProjectConfigurationPlatforms) = postSolution
		{B0EB3F3B-401E-43CB-8B20-6574E088E2E7}.Debug|Any CPU.ActiveCfg = Debug|Any CPU
		{B0EB3F3B-401E-43CB-8B20-6574E088E2E7}.Debug|Any CPU.Build.0 = Debug|Any CPU
		{B0EB3F3B-401E-43CB-8B20-6574E088E2E7}.Debug20|Any CPU.ActiveCfg = Debug|Any CPU
		{B0EB3F3B-401E-43CB-8B20-6574E088E2E7}.Debug20|Any CPU.Build.0 = Debug|Any CPU
		{B0EB3F3B-401E-43CB-8B20-6574E088E2E7}.Debug35|Any CPU.ActiveCfg = Debug|Any CPU
		{B0EB3F3B-401E-43CB-8B20-6574E088E2E7}.Debug35|Any CPU.Build.0 = Debug|Any CPU
		{B0EB3F3B-401E-43CB-8B20-6574E088E2E7}.Debug40|Any CPU.ActiveCfg = Debug|Any CPU
		{B0EB3F3B-401E-43CB-8B20-6574E088E2E7}.Debug40|Any CPU.Build.0 = Debug|Any CPU
		{B0EB3F3B-401E-43CB-8B20-6574E088E2E7}.Debug40Client|Any CPU.ActiveCfg = Debug|Any CPU
		{B0EB3F3B-401E-43CB-8B20-6574E088E2E7}.Debug40Client|Any CPU.Build.0 = Debug|Any CPU
		{B0EB3F3B-401E-43CB-8B20-6574E088E2E7}.Debug45|Any CPU.ActiveCfg = Debug|Any CPU
		{B0EB3F3B-401E-43CB-8B20-6574E088E2E7}.Debug45|Any CPU.Build.0 = Debug|Any CPU
		{B0EB3F3B-401E-43CB-8B20-6574E088E2E7}.Debug451|Any CPU.ActiveCfg = Debug|Any CPU
		{B0EB3F3B-401E-43CB-8B20-6574E088E2E7}.Debug451|Any CPU.Build.0 = Debug|Any CPU
		{B0EB3F3B-401E-43CB-8B20-6574E088E2E7}.Release|Any CPU.ActiveCfg = Release|Any CPU
		{B0EB3F3B-401E-43CB-8B20-6574E088E2E7}.Release|Any CPU.Build.0 = Release|Any CPU
		{B0EB3F3B-401E-43CB-8B20-6574E088E2E7}.Release20|Any CPU.ActiveCfg = Release|Any CPU
		{B0EB3F3B-401E-43CB-8B20-6574E088E2E7}.Release20|Any CPU.Build.0 = Release|Any CPU
		{B0EB3F3B-401E-43CB-8B20-6574E088E2E7}.Release35|Any CPU.ActiveCfg = Release|Any CPU
		{B0EB3F3B-401E-43CB-8B20-6574E088E2E7}.Release35|Any CPU.Build.0 = Release|Any CPU
		{B0EB3F3B-401E-43CB-8B20-6574E088E2E7}.Release40|Any CPU.ActiveCfg = Release|Any CPU
		{B0EB3F3B-401E-43CB-8B20-6574E088E2E7}.Release40|Any CPU.Build.0 = Release|Any CPU
		{B0EB3F3B-401E-43CB-8B20-6574E088E2E7}.Release40Client|Any CPU.ActiveCfg = Release|Any CPU
		{B0EB3F3B-401E-43CB-8B20-6574E088E2E7}.Release40Client|Any CPU.Build.0 = Release|Any CPU
		{B0EB3F3B-401E-43CB-8B20-6574E088E2E7}.Release45|Any CPU.ActiveCfg = Release|Any CPU
		{B0EB3F3B-401E-43CB-8B20-6574E088E2E7}.Release45|Any CPU.Build.0 = Release|Any CPU
		{B0EB3F3B-401E-43CB-8B20-6574E088E2E7}.Release451|Any CPU.ActiveCfg = Release|Any CPU
		{B0EB3F3B-401E-43CB-8B20-6574E088E2E7}.Release451|Any CPU.Build.0 = Release|Any CPU
		{879BDFE3-0DCC-4399-9290-5779A206D0DF}.Debug|Any CPU.ActiveCfg = Debug|Any CPU
		{879BDFE3-0DCC-4399-9290-5779A206D0DF}.Debug|Any CPU.Build.0 = Debug|Any CPU
		{879BDFE3-0DCC-4399-9290-5779A206D0DF}.Debug20|Any CPU.ActiveCfg = Debug|Any CPU
		{879BDFE3-0DCC-4399-9290-5779A206D0DF}.Debug20|Any CPU.Build.0 = Debug|Any CPU
		{879BDFE3-0DCC-4399-9290-5779A206D0DF}.Debug35|Any CPU.ActiveCfg = Debug|Any CPU
		{879BDFE3-0DCC-4399-9290-5779A206D0DF}.Debug35|Any CPU.Build.0 = Debug|Any CPU
		{879BDFE3-0DCC-4399-9290-5779A206D0DF}.Debug40|Any CPU.ActiveCfg = Debug|Any CPU
		{879BDFE3-0DCC-4399-9290-5779A206D0DF}.Debug40|Any CPU.Build.0 = Debug|Any CPU
		{879BDFE3-0DCC-4399-9290-5779A206D0DF}.Debug40Client|Any CPU.ActiveCfg = Debug|Any CPU
		{879BDFE3-0DCC-4399-9290-5779A206D0DF}.Debug40Client|Any CPU.Build.0 = Debug|Any CPU
		{879BDFE3-0DCC-4399-9290-5779A206D0DF}.Debug45|Any CPU.ActiveCfg = Debug|Any CPU
		{879BDFE3-0DCC-4399-9290-5779A206D0DF}.Debug45|Any CPU.Build.0 = Debug|Any CPU
		{879BDFE3-0DCC-4399-9290-5779A206D0DF}.Debug451|Any CPU.ActiveCfg = Debug|Any CPU
		{879BDFE3-0DCC-4399-9290-5779A206D0DF}.Debug451|Any CPU.Build.0 = Debug|Any CPU
		{879BDFE3-0DCC-4399-9290-5779A206D0DF}.Release|Any CPU.ActiveCfg = Release|Any CPU
		{879BDFE3-0DCC-4399-9290-5779A206D0DF}.Release|Any CPU.Build.0 = Release|Any CPU
		{879BDFE3-0DCC-4399-9290-5779A206D0DF}.Release20|Any CPU.ActiveCfg = Release|Any CPU
		{879BDFE3-0DCC-4399-9290-5779A206D0DF}.Release20|Any CPU.Build.0 = Release|Any CPU
		{879BDFE3-0DCC-4399-9290-5779A206D0DF}.Release35|Any CPU.ActiveCfg = Release|Any CPU
		{879BDFE3-0DCC-4399-9290-5779A206D0DF}.Release35|Any CPU.Build.0 = Release|Any CPU
		{879BDFE3-0DCC-4399-9290-5779A206D0DF}.Release40|Any CPU.ActiveCfg = Release|Any CPU
		{879BDFE3-0DCC-4399-9290-5779A206D0DF}.Release40|Any CPU.Build.0 = Release|Any CPU
		{879BDFE3-0DCC-4399-9290-5779A206D0DF}.Release40Client|Any CPU.ActiveCfg = Release|Any CPU
		{879BDFE3-0DCC-4399-9290-5779A206D0DF}.Release40Client|Any CPU.Build.0 = Release|Any CPU
		{879BDFE3-0DCC-4399-9290-5779A206D0DF}.Release45|Any CPU.ActiveCfg = Release|Any CPU
		{879BDFE3-0DCC-4399-9290-5779A206D0DF}.Release45|Any CPU.Build.0 = Release|Any CPU
		{879BDFE3-0DCC-4399-9290-5779A206D0DF}.Release451|Any CPU.ActiveCfg = Release|Any CPU
		{879BDFE3-0DCC-4399-9290-5779A206D0DF}.Release451|Any CPU.Build.0 = Release|Any CPU
		{A23778C2-717E-4309-B5BC-45F43DE1623D}.Debug|Any CPU.ActiveCfg = Debug|Any CPU
		{A23778C2-717E-4309-B5BC-45F43DE1623D}.Debug|Any CPU.Build.0 = Debug|Any CPU
		{A23778C2-717E-4309-B5BC-45F43DE1623D}.Debug20|Any CPU.ActiveCfg = Debug|Any CPU
		{A23778C2-717E-4309-B5BC-45F43DE1623D}.Debug20|Any CPU.Build.0 = Debug|Any CPU
		{A23778C2-717E-4309-B5BC-45F43DE1623D}.Debug35|Any CPU.ActiveCfg = Debug|Any CPU
		{A23778C2-717E-4309-B5BC-45F43DE1623D}.Debug35|Any CPU.Build.0 = Debug|Any CPU
		{A23778C2-717E-4309-B5BC-45F43DE1623D}.Debug40|Any CPU.ActiveCfg = Debug|Any CPU
		{A23778C2-717E-4309-B5BC-45F43DE1623D}.Debug40|Any CPU.Build.0 = Debug|Any CPU
		{A23778C2-717E-4309-B5BC-45F43DE1623D}.Debug40Client|Any CPU.ActiveCfg = Debug|Any CPU
		{A23778C2-717E-4309-B5BC-45F43DE1623D}.Debug40Client|Any CPU.Build.0 = Debug|Any CPU
		{A23778C2-717E-4309-B5BC-45F43DE1623D}.Debug45|Any CPU.ActiveCfg = Debug|Any CPU
		{A23778C2-717E-4309-B5BC-45F43DE1623D}.Debug45|Any CPU.Build.0 = Debug|Any CPU
		{A23778C2-717E-4309-B5BC-45F43DE1623D}.Debug451|Any CPU.ActiveCfg = Debug|Any CPU
		{A23778C2-717E-4309-B5BC-45F43DE1623D}.Debug451|Any CPU.Build.0 = Debug|Any CPU
		{A23778C2-717E-4309-B5BC-45F43DE1623D}.Release|Any CPU.ActiveCfg = Release|Any CPU
		{A23778C2-717E-4309-B5BC-45F43DE1623D}.Release|Any CPU.Build.0 = Release|Any CPU
		{A23778C2-717E-4309-B5BC-45F43DE1623D}.Release20|Any CPU.ActiveCfg = Release|Any CPU
		{A23778C2-717E-4309-B5BC-45F43DE1623D}.Release20|Any CPU.Build.0 = Release|Any CPU
		{A23778C2-717E-4309-B5BC-45F43DE1623D}.Release35|Any CPU.ActiveCfg = Release|Any CPU
		{A23778C2-717E-4309-B5BC-45F43DE1623D}.Release35|Any CPU.Build.0 = Release|Any CPU
		{A23778C2-717E-4309-B5BC-45F43DE1623D}.Release40|Any CPU.ActiveCfg = Release|Any CPU
		{A23778C2-717E-4309-B5BC-45F43DE1623D}.Release40|Any CPU.Build.0 = Release|Any CPU
		{A23778C2-717E-4309-B5BC-45F43DE1623D}.Release40Client|Any CPU.ActiveCfg = Release|Any CPU
		{A23778C2-717E-4309-B5BC-45F43DE1623D}.Release40Client|Any CPU.Build.0 = Release|Any CPU
		{A23778C2-717E-4309-B5BC-45F43DE1623D}.Release45|Any CPU.ActiveCfg = Release|Any CPU
		{A23778C2-717E-4309-B5BC-45F43DE1623D}.Release45|Any CPU.Build.0 = Release|Any CPU
		{A23778C2-717E-4309-B5BC-45F43DE1623D}.Release451|Any CPU.ActiveCfg = Release|Any CPU
		{A23778C2-717E-4309-B5BC-45F43DE1623D}.Release451|Any CPU.Build.0 = Release|Any CPU
		{9DDBAEB3-3BE9-4363-B789-94592A8E8506}.Debug|Any CPU.ActiveCfg = Debug|Any CPU
		{9DDBAEB3-3BE9-4363-B789-94592A8E8506}.Debug|Any CPU.Build.0 = Debug|Any CPU
		{9DDBAEB3-3BE9-4363-B789-94592A8E8506}.Debug20|Any CPU.ActiveCfg = Debug20|Any CPU
		{9DDBAEB3-3BE9-4363-B789-94592A8E8506}.Debug20|Any CPU.Build.0 = Debug20|Any CPU
		{9DDBAEB3-3BE9-4363-B789-94592A8E8506}.Debug35|Any CPU.ActiveCfg = Debug35|Any CPU
		{9DDBAEB3-3BE9-4363-B789-94592A8E8506}.Debug35|Any CPU.Build.0 = Debug35|Any CPU
		{9DDBAEB3-3BE9-4363-B789-94592A8E8506}.Debug40|Any CPU.ActiveCfg = Debug40|Any CPU
		{9DDBAEB3-3BE9-4363-B789-94592A8E8506}.Debug40|Any CPU.Build.0 = Debug40|Any CPU
		{9DDBAEB3-3BE9-4363-B789-94592A8E8506}.Debug40Client|Any CPU.ActiveCfg = Debug40Client|Any CPU
		{9DDBAEB3-3BE9-4363-B789-94592A8E8506}.Debug40Client|Any CPU.Build.0 = Debug40Client|Any CPU
		{9DDBAEB3-3BE9-4363-B789-94592A8E8506}.Debug45|Any CPU.ActiveCfg = Debug45|Any CPU
		{9DDBAEB3-3BE9-4363-B789-94592A8E8506}.Debug45|Any CPU.Build.0 = Debug45|Any CPU
		{9DDBAEB3-3BE9-4363-B789-94592A8E8506}.Debug451|Any CPU.ActiveCfg = Debug451|Any CPU
		{9DDBAEB3-3BE9-4363-B789-94592A8E8506}.Debug451|Any CPU.Build.0 = Debug451|Any CPU
		{9DDBAEB3-3BE9-4363-B789-94592A8E8506}.Release|Any CPU.ActiveCfg = Release|Any CPU
		{9DDBAEB3-3BE9-4363-B789-94592A8E8506}.Release|Any CPU.Build.0 = Release|Any CPU
		{9DDBAEB3-3BE9-4363-B789-94592A8E8506}.Release20|Any CPU.ActiveCfg = Release20|Any CPU
		{9DDBAEB3-3BE9-4363-B789-94592A8E8506}.Release20|Any CPU.Build.0 = Release20|Any CPU
		{9DDBAEB3-3BE9-4363-B789-94592A8E8506}.Release35|Any CPU.ActiveCfg = Release35|Any CPU
		{9DDBAEB3-3BE9-4363-B789-94592A8E8506}.Release35|Any CPU.Build.0 = Release35|Any CPU
		{9DDBAEB3-3BE9-4363-B789-94592A8E8506}.Release40|Any CPU.ActiveCfg = Release40|Any CPU
		{9DDBAEB3-3BE9-4363-B789-94592A8E8506}.Release40|Any CPU.Build.0 = Release40|Any CPU
		{9DDBAEB3-3BE9-4363-B789-94592A8E8506}.Release40Client|Any CPU.ActiveCfg = Release40Client|Any CPU
		{9DDBAEB3-3BE9-4363-B789-94592A8E8506}.Release40Client|Any CPU.Build.0 = Release40Client|Any CPU
		{9DDBAEB3-3BE9-4363-B789-94592A8E8506}.Release45|Any CPU.ActiveCfg = Release45|Any CPU
		{9DDBAEB3-3BE9-4363-B789-94592A8E8506}.Release45|Any CPU.Build.0 = Release45|Any CPU
		{9DDBAEB3-3BE9-4363-B789-94592A8E8506}.Release451|Any CPU.ActiveCfg = Release451|Any CPU
		{9DDBAEB3-3BE9-4363-B789-94592A8E8506}.Release451|Any CPU.Build.0 = Release451|Any CPU
		{371BE036-457F-4E24-8112-B2FAB29D768A}.Debug|Any CPU.ActiveCfg = Debug|Any CPU
		{371BE036-457F-4E24-8112-B2FAB29D768A}.Debug|Any CPU.Build.0 = Debug|Any CPU
		{371BE036-457F-4E24-8112-B2FAB29D768A}.Debug20|Any CPU.ActiveCfg = Debug20|Any CPU
		{371BE036-457F-4E24-8112-B2FAB29D768A}.Debug20|Any CPU.Build.0 = Debug20|Any CPU
		{371BE036-457F-4E24-8112-B2FAB29D768A}.Debug35|Any CPU.ActiveCfg = Debug35|Any CPU
		{371BE036-457F-4E24-8112-B2FAB29D768A}.Debug35|Any CPU.Build.0 = Debug35|Any CPU
		{371BE036-457F-4E24-8112-B2FAB29D768A}.Debug40|Any CPU.ActiveCfg = Debug40|Any CPU
		{371BE036-457F-4E24-8112-B2FAB29D768A}.Debug40|Any CPU.Build.0 = Debug40|Any CPU
		{371BE036-457F-4E24-8112-B2FAB29D768A}.Debug40Client|Any CPU.ActiveCfg = Debug40Client|Any CPU
		{371BE036-457F-4E24-8112-B2FAB29D768A}.Debug40Client|Any CPU.Build.0 = Debug40Client|Any CPU
		{371BE036-457F-4E24-8112-B2FAB29D768A}.Debug45|Any CPU.ActiveCfg = Debug45|Any CPU
		{371BE036-457F-4E24-8112-B2FAB29D768A}.Debug45|Any CPU.Build.0 = Debug45|Any CPU
		{371BE036-457F-4E24-8112-B2FAB29D768A}.Debug451|Any CPU.ActiveCfg = Debug451|Any CPU
		{371BE036-457F-4E24-8112-B2FAB29D768A}.Debug451|Any CPU.Build.0 = Debug451|Any CPU
		{371BE036-457F-4E24-8112-B2FAB29D768A}.Release|Any CPU.ActiveCfg = Release|Any CPU
		{371BE036-457F-4E24-8112-B2FAB29D768A}.Release|Any CPU.Build.0 = Release|Any CPU
		{371BE036-457F-4E24-8112-B2FAB29D768A}.Release20|Any CPU.ActiveCfg = Release20|Any CPU
		{371BE036-457F-4E24-8112-B2FAB29D768A}.Release20|Any CPU.Build.0 = Release20|Any CPU
		{371BE036-457F-4E24-8112-B2FAB29D768A}.Release35|Any CPU.ActiveCfg = Release35|Any CPU
		{371BE036-457F-4E24-8112-B2FAB29D768A}.Release35|Any CPU.Build.0 = Release35|Any CPU
		{371BE036-457F-4E24-8112-B2FAB29D768A}.Release40|Any CPU.ActiveCfg = Release40|Any CPU
		{371BE036-457F-4E24-8112-B2FAB29D768A}.Release40|Any CPU.Build.0 = Release40|Any CPU
		{371BE036-457F-4E24-8112-B2FAB29D768A}.Release40Client|Any CPU.ActiveCfg = Release40Client|Any CPU
		{371BE036-457F-4E24-8112-B2FAB29D768A}.Release40Client|Any CPU.Build.0 = Release40Client|Any CPU
		{371BE036-457F-4E24-8112-B2FAB29D768A}.Release45|Any CPU.ActiveCfg = Release45|Any CPU
		{371BE036-457F-4E24-8112-B2FAB29D768A}.Release45|Any CPU.Build.0 = Release45|Any CPU
		{371BE036-457F-4E24-8112-B2FAB29D768A}.Release451|Any CPU.ActiveCfg = Release451|Any CPU
		{371BE036-457F-4E24-8112-B2FAB29D768A}.Release451|Any CPU.Build.0 = Release451|Any CPU
	EndGlobalSection
	GlobalSection(SolutionProperties) = preSolution
		HideSolutionNode = FALSE
	EndGlobalSection
	GlobalSection(ExtensibilityGlobals) = postSolution
		EnterpriseLibraryConfigurationToolBinariesPathV6 = packages\EnterpriseLibrary.Common.6.0.1304.0\lib\NET45
	EndGlobalSection
EndGlobal
